
Microsoft Visual Studio Solution File, Format Version 12.00
# Visual Studio Version 16
VisualStudioVersion = 16.0.29709.97
MinimumVisualStudioVersion = 10.0.40219.1
Project("{9A19103F-16F7-4668-BE54-9A1E7A4F7556}") = "TMS", "TMS\TMS.csproj", "{0B9A4745-D0A8-4DF9-B288-45776FFB157E}"
EndProject
Project("{9A19103F-16F7-4668-BE54-9A1E7A4F7556}") = "ConsoleTMS", "ConsoleTMS\ConsoleTMS.csproj", "{798090F4-A595-4C34-BA53-44E7C46B8D0A}"
EndProject
Project("{9A19103F-16F7-4668-BE54-9A1E7A4F7556}") = "TMS.Tests", "TMS.Tests\TMS.Tests.csproj", "{7CA7C8D0-AE47-4D92-B6AE-C2FF4BCE560F}"
EndProject
Project("{2150E333-8FDC-42A3-9474-1A3956D46DE8}") = "Src", "Src", "{73711721-A2C0-4129-92F5-849551D24AF5}"
EndProject
Project("{9A19103F-16F7-4668-BE54-9A1E7A4F7556}") = "TMS.Domain", "TMS.Domain\TMS.Domain.csproj", "{03441B04-5689-4462-B1D2-AD45924DCEAD}"
EndProject
Project("{9A19103F-16F7-4668-BE54-9A1E7A4F7556}") = "TMS.Application", "TMS.Application\TMS.Application.csproj", "{BE1F2408-3193-4FF3-97AD-82F0E1D27F05}"
EndProject
Project("{9A19103F-16F7-4668-BE54-9A1E7A4F7556}") = "TMS.Infrastructure", "TMS.Infrastructure\TMS.Infrastructure.csproj", "{ED3CC52F-9CF0-4886-9AA9-72A5C86DC18F}"
EndProject
Project("{9A19103F-16F7-4668-BE54-9A1E7A4F7556}") = "TMS.WebUI", "TMS.WebUI\TMS.WebUI.csproj", "{A8E1CDA0-D2F5-46C8-8B2E-392615D84CB0}"
EndProject
Project("{FAE04EC0-301F-11D3-BF4B-00C04F79EFBC}") = "TMS.Common", "TMS.Common\TMS.Common.csproj", "{7600102F-CFD0-4A25-AE7D-75282F7ED3E8}"
EndProject
Global
	GlobalSection(SolutionConfigurationPlatforms) = preSolution
		Debug|Any CPU = Debug|Any CPU
		Release|Any CPU = Release|Any CPU
	EndGlobalSection
	GlobalSection(ProjectConfigurationPlatforms) = postSolution
		{0B9A4745-D0A8-4DF9-B288-45776FFB157E}.Debug|Any CPU.ActiveCfg = Debug|Any CPU
		{0B9A4745-D0A8-4DF9-B288-45776FFB157E}.Debug|Any CPU.Build.0 = Debug|Any CPU
		{0B9A4745-D0A8-4DF9-B288-45776FFB157E}.Release|Any CPU.ActiveCfg = Release|Any CPU
		{0B9A4745-D0A8-4DF9-B288-45776FFB157E}.Release|Any CPU.Build.0 = Release|Any CPU
		{798090F4-A595-4C34-BA53-44E7C46B8D0A}.Debug|Any CPU.ActiveCfg = Debug|Any CPU
		{798090F4-A595-4C34-BA53-44E7C46B8D0A}.Debug|Any CPU.Build.0 = Debug|Any CPU
		{798090F4-A595-4C34-BA53-44E7C46B8D0A}.Release|Any CPU.ActiveCfg = Release|Any CPU
		{798090F4-A595-4C34-BA53-44E7C46B8D0A}.Release|Any CPU.Build.0 = Release|Any CPU
		{7CA7C8D0-AE47-4D92-B6AE-C2FF4BCE560F}.Debug|Any CPU.ActiveCfg = Debug|Any CPU
		{7CA7C8D0-AE47-4D92-B6AE-C2FF4BCE560F}.Debug|Any CPU.Build.0 = Debug|Any CPU
		{7CA7C8D0-AE47-4D92-B6AE-C2FF4BCE560F}.Release|Any CPU.ActiveCfg = Release|Any CPU
		{7CA7C8D0-AE47-4D92-B6AE-C2FF4BCE560F}.Release|Any CPU.Build.0 = Release|Any CPU
		{03441B04-5689-4462-B1D2-AD45924DCEAD}.Debug|Any CPU.ActiveCfg = Debug|Any CPU
		{03441B04-5689-4462-B1D2-AD45924DCEAD}.Debug|Any CPU.Build.0 = Debug|Any CPU
		{03441B04-5689-4462-B1D2-AD45924DCEAD}.Release|Any CPU.ActiveCfg = Release|Any CPU
		{03441B04-5689-4462-B1D2-AD45924DCEAD}.Release|Any CPU.Build.0 = Release|Any CPU
		{BE1F2408-3193-4FF3-97AD-82F0E1D27F05}.Debug|Any CPU.ActiveCfg = Debug|Any CPU
		{BE1F2408-3193-4FF3-97AD-82F0E1D27F05}.Debug|Any CPU.Build.0 = Debug|Any CPU
		{BE1F2408-3193-4FF3-97AD-82F0E1D27F05}.Release|Any CPU.ActiveCfg = Release|Any CPU
		{BE1F2408-3193-4FF3-97AD-82F0E1D27F05}.Release|Any CPU.Build.0 = Release|Any CPU
		{ED3CC52F-9CF0-4886-9AA9-72A5C86DC18F}.Debug|Any CPU.ActiveCfg = Debug|Any CPU
		{ED3CC52F-9CF0-4886-9AA9-72A5C86DC18F}.Debug|Any CPU.Build.0 = Debug|Any CPU
		{ED3CC52F-9CF0-4886-9AA9-72A5C86DC18F}.Release|Any CPU.ActiveCfg = Release|Any CPU
		{ED3CC52F-9CF0-4886-9AA9-72A5C86DC18F}.Release|Any CPU.Build.0 = Release|Any CPU
		{A8E1CDA0-D2F5-46C8-8B2E-392615D84CB0}.Debug|Any CPU.ActiveCfg = Debug|Any CPU
		{A8E1CDA0-D2F5-46C8-8B2E-392615D84CB0}.Debug|Any CPU.Build.0 = Debug|Any CPU
		{A8E1CDA0-D2F5-46C8-8B2E-392615D84CB0}.Release|Any CPU.ActiveCfg = Release|Any CPU
		{A8E1CDA0-D2F5-46C8-8B2E-392615D84CB0}.Release|Any CPU.Build.0 = Release|Any CPU
		{7600102F-CFD0-4A25-AE7D-75282F7ED3E8}.Debug|Any CPU.ActiveCfg = Debug|Any CPU
		{7600102F-CFD0-4A25-AE7D-75282F7ED3E8}.Debug|Any CPU.Build.0 = Debug|Any CPU
		{7600102F-CFD0-4A25-AE7D-75282F7ED3E8}.Release|Any CPU.ActiveCfg = Release|Any CPU
		{7600102F-CFD0-4A25-AE7D-75282F7ED3E8}.Release|Any CPU.Build.0 = Release|Any CPU
	EndGlobalSection
	GlobalSection(SolutionProperties) = preSolution
		HideSolutionNode = FALSE
	EndGlobalSection
	GlobalSection(NestedProjects) = preSolution
		{03441B04-5689-4462-B1D2-AD45924DCEAD} = {73711721-A2C0-4129-92F5-849551D24AF5}
		{BE1F2408-3193-4FF3-97AD-82F0E1D27F05} = {73711721-A2C0-4129-92F5-849551D24AF5}
		{ED3CC52F-9CF0-4886-9AA9-72A5C86DC18F} = {73711721-A2C0-4129-92F5-849551D24AF5}
		{A8E1CDA0-D2F5-46C8-8B2E-392615D84CB0} = {73711721-A2C0-4129-92F5-849551D24AF5}
		{7600102F-CFD0-4A25-AE7D-75282F7ED3E8} = {73711721-A2C0-4129-92F5-849551D24AF5}
	EndGlobalSection
	GlobalSection(ExtensibilityGlobals) = postSolution
		SolutionGuid = {1A857923-D669-41F2-AC87-7D294AB8AF2A}
	EndGlobalSection
EndGlobal
